
Microsoft Visual Studio Solution File, Format Version 12.00
# Visual Studio 14
VisualStudioVersion = 14.0.24720.0
MinimumVisualStudioVersion = 10.0.40219.1
Project("{FAE04EC0-301F-11D3-BF4B-00C04F79EFBC}") = "ViewLib", "ViewLib\ViewLib.csproj", "{3AAEE384-9C86-4E99-A227-08395752132E}"
EndProject
Project("{FAE04EC0-301F-11D3-BF4B-00C04F79EFBC}") = "JsonLib", "JsonLib\JsonLib.csproj", "{643C2D2C-97BD-4864-BC4F-3E9FF736AFB9}"
EndProject
Project("{FAE04EC0-301F-11D3-BF4B-00C04F79EFBC}") = "MVC", "MVC\MVC.csproj", "{A3D244F2-898A-4739-935B-633578BA8715}"
EndProject
Project("{FAE04EC0-301F-11D3-BF4B-00C04F79EFBC}") = "Tests", "Tests\Tests.csproj", "{2EAA3C06-C288-4C90-88AA-B75B12FBB111}"
EndProject
Global
	GlobalSection(SolutionConfigurationPlatforms) = preSolution
		Debug|Any CPU = Debug|Any CPU
		Release|Any CPU = Release|Any CPU
	EndGlobalSection
	GlobalSection(ProjectConfigurationPlatforms) = postSolution
		{3AAEE384-9C86-4E99-A227-08395752132E}.Debug|Any CPU.ActiveCfg = Debug|Any CPU
		{3AAEE384-9C86-4E99-A227-08395752132E}.Debug|Any CPU.Build.0 = Debug|Any CPU
		{3AAEE384-9C86-4E99-A227-08395752132E}.Release|Any CPU.ActiveCfg = Release|Any CPU
		{3AAEE384-9C86-4E99-A227-08395752132E}.Release|Any CPU.Build.0 = Release|Any CPU
		{643C2D2C-97BD-4864-BC4F-3E9FF736AFB9}.Debug|Any CPU.ActiveCfg = Debug|Any CPU
		{643C2D2C-97BD-4864-BC4F-3E9FF736AFB9}.Debug|Any CPU.Build.0 = Debug|Any CPU
		{643C2D2C-97BD-4864-BC4F-3E9FF736AFB9}.Release|Any CPU.ActiveCfg = Release|Any CPU
		{643C2D2C-97BD-4864-BC4F-3E9FF736AFB9}.Release|Any CPU.Build.0 = Release|Any CPU
		{A3D244F2-898A-4739-935B-633578BA8715}.Debug|Any CPU.ActiveCfg = Debug|Any CPU
		{A3D244F2-898A-4739-935B-633578BA8715}.Debug|Any CPU.Build.0 = Debug|Any CPU
		{A3D244F2-898A-4739-935B-633578BA8715}.Release|Any CPU.ActiveCfg = Release|Any CPU
		{A3D244F2-898A-4739-935B-633578BA8715}.Release|Any CPU.Build.0 = Release|Any CPU
		{2EAA3C06-C288-4C90-88AA-B75B12FBB111}.Debug|Any CPU.ActiveCfg = Debug|Any CPU
		{2EAA3C06-C288-4C90-88AA-B75B12FBB111}.Debug|Any CPU.Build.0 = Debug|Any CPU
		{2EAA3C06-C288-4C90-88AA-B75B12FBB111}.Release|Any CPU.ActiveCfg = Release|Any CPU
		{2EAA3C06-C288-4C90-88AA-B75B12FBB111}.Release|Any CPU.Build.0 = Release|Any CPU
	EndGlobalSection
	GlobalSection(SolutionProperties) = preSolution
		HideSolutionNode = FALSE
	EndGlobalSection
EndGlobal
